
Microsoft Visual Studio Solution File, Format Version 12.00
# Visual Studio Version 17
VisualStudioVersion = 17.11.35222.181
MinimumVisualStudioVersion = 10.0.40219.1
Project("{FAE04EC0-301F-11D3-BF4B-00C04F79EFBC}") = "OOP-Homework-2", "OOP-Homework-2.csproj", "{BBA151B3-3E33-49EF-A7FA-664B1CE6C405}"
EndProject
Global
	GlobalSection(SolutionConfigurationPlatforms) = preSolution
		Debug|Any CPU = Debug|Any CPU
		Release|Any CPU = Release|Any CPU
	EndGlobalSection
	GlobalSection(ProjectConfigurationPlatforms) = postSolution
		{BBA151B3-3E33-49EF-A7FA-664B1CE6C405}.Debug|Any CPU.ActiveCfg = Debug|Any CPU
		{BBA151B3-3E33-49EF-A7FA-664B1CE6C405}.Debug|Any CPU.Build.0 = Debug|Any CPU
		{BBA151B3-3E33-49EF-A7FA-664B1CE6C405}.Release|Any CPU.ActiveCfg = Release|Any CPU
		{BBA151B3-3E33-49EF-A7FA-664B1CE6C405}.Release|Any CPU.Build.0 = Release|Any CPU
	EndGlobalSection
	GlobalSection(SolutionProperties) = preSolution
		HideSolutionNode = FALSE
	EndGlobalSection
	GlobalSection(ExtensibilityGlobals) = postSolution
		SolutionGuid = {DE83C331-7528-437F-84CA-3C637689AAE9}
	EndGlobalSection
EndGlobal
